
Microsoft Visual Studio Solution File, Format Version 12.00
# Visual Studio Version 17
VisualStudioVersion = 17.6.33829.357
MinimumVisualStudioVersion = 10.0.40219.1
Project("{FAE04EC0-301F-11D3-BF4B-00C04F79EFBC}") = "PingPong", "PingPong.csproj", "{40F292CC-3EBB-40B2-BE1F-7991541CA780}"
EndProject
Global
	GlobalSection(SolutionConfigurationPlatforms) = preSolution
		Debug|Any CPU = Debug|Any CPU
		Release|Any CPU = Release|Any CPU
	EndGlobalSection
	GlobalSection(ProjectConfigurationPlatforms) = postSolution
		{40F292CC-3EBB-40B2-BE1F-7991541CA780}.Debug|Any CPU.ActiveCfg = Debug|Any CPU
		{40F292CC-3EBB-40B2-BE1F-7991541CA780}.Debug|Any CPU.Build.0 = Debug|Any CPU
		{40F292CC-3EBB-40B2-BE1F-7991541CA780}.Release|Any CPU.ActiveCfg = Release|Any CPU
		{40F292CC-3EBB-40B2-BE1F-7991541CA780}.Release|Any CPU.Build.0 = Release|Any CPU
	EndGlobalSection
	GlobalSection(SolutionProperties) = preSolution
		HideSolutionNode = FALSE
	EndGlobalSection
	GlobalSection(ExtensibilityGlobals) = postSolution
		SolutionGuid = {BB67F2E2-9B6D-4D0C-A453-9AE92D5BF7D0}
	EndGlobalSection
EndGlobal
